<?xml version="1.0" encoding="utf-8"?>
<Project ToolsVersion="4.0" xmlns="http://schemas.microsoft.com/developer/msbuild/2003">
  <ItemGroup>
    <Filter Include="IdentityCard">
      <UniqueIdentifier>{e9985ab6-b949-4d0d-b822-5b56d0292679}</UniqueIdentifier>
    </Filter>
    <Filter Include="IdentityCard\Objects">
      <UniqueIdentifier>{31612b05-fe56-4d30-b1e5-239f654db9b0}</UniqueIdentifier>
    </Filter>
    <Filter Include="IdentityCard\Objects\win_b64">
      <UniqueIdentifier>{c8a89512-592d-45e4-aee6-a4ce85b23ec5}</UniqueIdentifier>
    </Filter>
    <Filter Include="IdentityCard\Objects\win_b64\.mkGraphs">
      <UniqueIdentifier>{a8f20d20-9a2e-4cf0-9185-5a5f76f8b34d}</UniqueIdentifier>
    </Filter>
    <Filter Include="PrivateInterfaces">
      <UniqueIdentifier>{f52776b3-e6ae-471e-8a51-88508bcd7812}</UniqueIdentifier>
    </Filter>
    <Filter Include="ProtectedInterfaces">
      <UniqueIdentifier>{17c80cc9-ebac-412c-9f85-0fec0d404b34}</UniqueIdentifier>
    </Filter>
    <Filter Include="PublicInterfaces">
      <UniqueIdentifier>{0f674b8c-b666-4ce8-8d4d-d818640d9bf2}</UniqueIdentifier>
    </Filter>
  </ItemGroup>
  <ItemGroup>
    <ClInclude Include="..\..\CAABatchFW\ProtectedInterfaces\CAABatch.h">
      <Filter>ProtectedInterfaces</Filter>
    </ClInclude>
    <None Include="..\..\CAABatchFW\IdentityCard\IdentityCard.xml">
      <Filter>IdentityCard</Filter>
    </None>
    <None Include="..\..\CAABatchFW\IdentityCard\Objects\win_b64\.HeaderTable.file">
      <Filter>IdentityCard\Objects\win_b64</Filter>
    </None>
    <None Include="..\..\CAABatchFW\IdentityCard\Objects\win_b64\.mkdata.mk">
      <Filter>IdentityCard\Objects\win_b64</Filter>
    </None>
    <None Include="..\..\CAABatchFW\IdentityCard\Objects\win_b64\.mkdata.mkb">
      <Filter>IdentityCard\Objects\win_b64</Filter>
    </None>
    <None Include="..\..\CAABatchFW\IdentityCard\Objects\win_b64\.mkGraphs\mkBSHeaderList.mkDG">
      <Filter>IdentityCard\Objects\win_b64\.mkGraphs</Filter>
    </None>
    <None Include="..\..\CAABatchFW\IdentityCard\Objects\win_b64\.mkGraphs\mkBSHeaderMap.mkDG">
      <Filter>IdentityCard\Objects\win_b64\.mkGraphs</Filter>
    </None>
    <None Include="..\..\CAABatchFW\IdentityCard\Objects\win_b64\.mkGraphs\mkBSHeaderRuler.mkDG">
      <Filter>IdentityCard\Objects\win_b64\.mkGraphs</Filter>
    </None>
    <None Include="..\..\CAABatchFW\IdentityCard\Objects\win_b64\.mkGraphs\mkBSIdcardBuild.mkDG">
      <Filter>IdentityCard\Objects\win_b64\.mkGraphs</Filter>
    </None>
    <None Include="..\..\CAABatchFW\IdentityCard\Objects\win_b64\.mkHLpath.mk">
      <Filter>IdentityCard\Objects\win_b64</Filter>
    </None>
    <None Include="..\..\CAABatchFW\IdentityCard\README.md">
      <Filter>IdentityCard</Filter>
    </None>
  </ItemGroup>
</Project>